// !$*UTF8*$!
{
	archiveVersion = 1;
	classes = {
	};
	objectVersion = 46;
	objects = {

/* Begin PBXBuildFile section */
		1A016491B0A49BAF0C54CE90 /* Pods_MDBWeatherUITests.framework in Frameworks */ = {isa = PBXBuildFile; fileRef = 2120370D89DF087433C9804A /* Pods_MDBWeatherUITests.framework */; };
		329B1ED71DB198BC00E2CAA4 /* AppDelegate.swift in Sources */ = {isa = PBXBuildFile; fileRef = 329B1ED61DB198BC00E2CAA4 /* AppDelegate.swift */; };
		329B1ED91DB198BC00E2CAA4 /* CentralViewController.swift in Sources */ = {isa = PBXBuildFile; fileRef = 329B1ED81DB198BC00E2CAA4 /* CentralViewController.swift */; };
		329B1EDC1DB198BC00E2CAA4 /* Main.storyboard in Resources */ = {isa = PBXBuildFile; fileRef = 329B1EDA1DB198BC00E2CAA4 /* Main.storyboard */; };
		329B1EDE1DB198BC00E2CAA4 /* Assets.xcassets in Resources */ = {isa = PBXBuildFile; fileRef = 329B1EDD1DB198BC00E2CAA4 /* Assets.xcassets */; };
		329B1EE11DB198BC00E2CAA4 /* LaunchScreen.storyboard in Resources */ = {isa = PBXBuildFile; fileRef = 329B1EDF1DB198BC00E2CAA4 /* LaunchScreen.storyboard */; };
		329B1EEC1DB198BC00E2CAA4 /* MDBWeatherTests.swift in Sources */ = {isa = PBXBuildFile; fileRef = 329B1EEB1DB198BC00E2CAA4 /* MDBWeatherTests.swift */; };
		329B1EF71DB198BC00E2CAA4 /* MDBWeatherUITests.swift in Sources */ = {isa = PBXBuildFile; fileRef = 329B1EF61DB198BC00E2CAA4 /* MDBWeatherUITests.swift */; };
		32C4C1B6BA5FD362389A978D /* Pods_MDBWeatherTests.framework in Frameworks */ = {isa = PBXBuildFile; fileRef = 1885BEA2932BC964C898CF2E /* Pods_MDBWeatherTests.framework */; };
		D30B1A76CAD01969C577E4B9 /* Pods_MDBWeather.framework in Frameworks */ = {isa = PBXBuildFile; fileRef = 49DEF3A37DBAAACEC8EAA0AC /* Pods_MDBWeather.framework */; };
/* End PBXBuildFile section */

/* Begin PBXContainerItemProxy section */
		329B1EE81DB198BC00E2CAA4 /* PBXContainerItemProxy */ = {
			isa = PBXContainerItemProxy;
			containerPortal = 329B1ECB1DB198BC00E2CAA4 /* Project object */;
			proxyType = 1;
			remoteGlobalIDString = 329B1ED21DB198BC00E2CAA4;
			remoteInfo = MDBWeather;
		};
		329B1EF31DB198BC00E2CAA4 /* PBXContainerItemProxy */ = {
			isa = PBXContainerItemProxy;
			containerPortal = 329B1ECB1DB198BC00E2CAA4 /* Project object */;
			proxyType = 1;
			remoteGlobalIDString = 329B1ED21DB198BC00E2CAA4;
			remoteInfo = MDBWeather;
		};
/* End PBXContainerItemProxy section */

/* Begin PBXFileReference section */
		176DFA022743ED4019E4B714 /* Pods-MDBWeather.debug.xcconfig */ = {isa = PBXFileReference; includeInIndex = 1; lastKnownFileType = text.xcconfig; name = "Pods-MDBWeather.debug.xcconfig"; path = "Pods/Target Support Files/Pods-MDBWeather/Pods-MDBWeather.debug.xcconfig"; sourceTree = "<group>"; };
		1885BEA2932BC964C898CF2E /* Pods_MDBWeatherTests.framework */ = {isa = PBXFileReference; explicitFileType = wrapper.framework; includeInIndex = 0; path = Pods_MDBWeatherTests.framework; sourceTree = BUILT_PRODUCTS_DIR; };
		1EAAB90F260D63EE38FA395C /* Pods-MDBWeatherTests.release.xcconfig */ = {isa = PBXFileReference; includeInIndex = 1; lastKnownFileType = text.xcconfig; name = "Pods-MDBWeatherTests.release.xcconfig"; path = "Pods/Target Support Files/Pods-MDBWeatherTests/Pods-MDBWeatherTests.release.xcconfig"; sourceTree = "<group>"; };
		2120370D89DF087433C9804A /* Pods_MDBWeatherUITests.framework */ = {isa = PBXFileReference; explicitFileType = wrapper.framework; includeInIndex = 0; path = Pods_MDBWeatherUITests.framework; sourceTree = BUILT_PRODUCTS_DIR; };
		329B1ED31DB198BC00E2CAA4 /* MDBWeather.app */ = {isa = PBXFileReference; explicitFileType = wrapper.application; includeInIndex = 0; path = MDBWeather.app; sourceTree = BUILT_PRODUCTS_DIR; };
		329B1ED61DB198BC00E2CAA4 /* AppDelegate.swift */ = {isa = PBXFileReference; lastKnownFileType = sourcecode.swift; path = AppDelegate.swift; sourceTree = "<group>"; };
		329B1ED81DB198BC00E2CAA4 /* CentralViewController.swift */ = {isa = PBXFileReference; lastKnownFileType = sourcecode.swift; path = CentralViewController.swift; sourceTree = "<group>"; };
		329B1EDB1DB198BC00E2CAA4 /* Base */ = {isa = PBXFileReference; lastKnownFileType = file.storyboard; name = Base; path = Base.lproj/Main.storyboard; sourceTree = "<group>"; };
		329B1EDD1DB198BC00E2CAA4 /* Assets.xcassets */ = {isa = PBXFileReference; lastKnownFileType = folder.assetcatalog; path = Assets.xcassets; sourceTree = "<group>"; };
		329B1EE01DB198BC00E2CAA4 /* Base */ = {isa = PBXFileReference; lastKnownFileType = file.storyboard; name = Base; path = Base.lproj/LaunchScreen.storyboard; sourceTree = "<group>"; };
		329B1EE21DB198BC00E2CAA4 /* Info.plist */ = {isa = PBXFileReference; lastKnownFileType = text.plist.xml; path = Info.plist; sourceTree = "<group>"; };
		329B1EE71DB198BC00E2CAA4 /* MDBWeatherTests.xctest */ = {isa = PBXFileReference; explicitFileType = wrapper.cfbundle; includeInIndex = 0; path = MDBWeatherTests.xctest; sourceTree = BUILT_PRODUCTS_DIR; };
		329B1EEB1DB198BC00E2CAA4 /* MDBWeatherTests.swift */ = {isa = PBXFileReference; lastKnownFileType = sourcecode.swift; path = MDBWeatherTests.swift; sourceTree = "<group>"; };
		329B1EED1DB198BC00E2CAA4 /* Info.plist */ = {isa = PBXFileReference; lastKnownFileType = text.plist.xml; path = Info.plist; sourceTree = "<group>"; };
		329B1EF21DB198BC00E2CAA4 /* MDBWeatherUITests.xctest */ = {isa = PBXFileReference; explicitFileType = wrapper.cfbundle; includeInIndex = 0; path = MDBWeatherUITests.xctest; sourceTree = BUILT_PRODUCTS_DIR; };
		329B1EF61DB198BC00E2CAA4 /* MDBWeatherUITests.swift */ = {isa = PBXFileReference; lastKnownFileType = sourcecode.swift; path = MDBWeatherUITests.swift; sourceTree = "<group>"; };
		329B1EF81DB198BC00E2CAA4 /* Info.plist */ = {isa = PBXFileReference; lastKnownFileType = text.plist.xml; path = Info.plist; sourceTree = "<group>"; };
		49DEF3A37DBAAACEC8EAA0AC /* Pods_MDBWeather.framework */ = {isa = PBXFileReference; explicitFileType = wrapper.framework; includeInIndex = 0; path = Pods_MDBWeather.framework; sourceTree = BUILT_PRODUCTS_DIR; };
		7F6505D47AAEAA2D9DB272D2 /* Pods-MDBWeatherTests.debug.xcconfig */ = {isa = PBXFileReference; includeInIndex = 1; lastKnownFileType = text.xcconfig; name = "Pods-MDBWeatherTests.debug.xcconfig"; path = "Pods/Target Support Files/Pods-MDBWeatherTests/Pods-MDBWeatherTests.debug.xcconfig"; sourceTree = "<group>"; };
		8412C41CB3AD130653B3315F /* Pods-MDBWeatherUITests.debug.xcconfig */ = {isa = PBXFileReference; includeInIndex = 1; lastKnownFileType = text.xcconfig; name = "Pods-MDBWeatherUITests.debug.xcconfig"; path = "Pods/Target Support Files/Pods-MDBWeatherUITests/Pods-MDBWeatherUITests.debug.xcconfig"; sourceTree = "<group>"; };
		8E9FCE2A65745AEA1232688D /* Pods-MDBWeather.release.xcconfig */ = {isa = PBXFileReference; includeInIndex = 1; lastKnownFileType = text.xcconfig; name = "Pods-MDBWeather.release.xcconfig"; path = "Pods/Target Support Files/Pods-MDBWeather/Pods-MDBWeather.release.xcconfig"; sourceTree = "<group>"; };
		BC7FFB7E8C551302FBA85F9C /* Pods-MDBWeatherUITests.release.xcconfig */ = {isa = PBXFileReference; includeInIndex = 1; lastKnownFileType = text.xcconfig; name = "Pods-MDBWeatherUITests.release.xcconfig"; path = "Pods/Target Support Files/Pods-MDBWeatherUITests/Pods-MDBWeatherUITests.release.xcconfig"; sourceTree = "<group>"; };
/* End PBXFileReference section */

/* Begin PBXFrameworksBuildPhase section */
		329B1ED01DB198BC00E2CAA4 /* Frameworks */ = {
			isa = PBXFrameworksBuildPhase;
			buildActionMask = 2147483647;
			files = (
				D30B1A76CAD01969C577E4B9 /* Pods_MDBWeather.framework in Frameworks */,
			);
			runOnlyForDeploymentPostprocessing = 0;
		};
		329B1EE41DB198BC00E2CAA4 /* Frameworks */ = {
			isa = PBXFrameworksBuildPhase;
			buildActionMask = 2147483647;
			files = (
				32C4C1B6BA5FD362389A978D /* Pods_MDBWeatherTests.framework in Frameworks */,
			);
			runOnlyForDeploymentPostprocessing = 0;
		};
		329B1EEF1DB198BC00E2CAA4 /* Frameworks */ = {
			isa = PBXFrameworksBuildPhase;
			buildActionMask = 2147483647;
			files = (
				1A016491B0A49BAF0C54CE90 /* Pods_MDBWeatherUITests.framework in Frameworks */,
			);
			runOnlyForDeploymentPostprocessing = 0;
		};
/* End PBXFrameworksBuildPhase section */

/* Begin PBXGroup section */
		329B1ECA1DB198BC00E2CAA4 = {
			isa = PBXGroup;
			children = (
				329B1ED51DB198BC00E2CAA4 /* MDBWeather */,
				329B1EEA1DB198BC00E2CAA4 /* MDBWeatherTests */,
				329B1EF51DB198BC00E2CAA4 /* MDBWeatherUITests */,
				329B1ED41DB198BC00E2CAA4 /* Products */,
				69CDA09E5E9602A30A3DDAA8 /* Pods */,
				C5D6335EB3B1C8707A55F750 /* Frameworks */,
			);
			sourceTree = "<group>";
		};
		329B1ED41DB198BC00E2CAA4 /* Products */ = {
			isa = PBXGroup;
			children = (
				329B1ED31DB198BC00E2CAA4 /* MDBWeather.app */,
				329B1EE71DB198BC00E2CAA4 /* MDBWeatherTests.xctest */,
				329B1EF21DB198BC00E2CAA4 /* MDBWeatherUITests.xctest */,
			);
			name = Products;
			sourceTree = "<group>";
		};
		329B1ED51DB198BC00E2CAA4 /* MDBWeather */ = {
			isa = PBXGroup;
			children = (
				329B1ED61DB198BC00E2CAA4 /* AppDelegate.swift */,
				329B1EDA1DB198BC00E2CAA4 /* Main.storyboard */,
				329B1ED81DB198BC00E2CAA4 /* CentralViewController.swift */,
				329B1EDD1DB198BC00E2CAA4 /* Assets.xcassets */,
				329B1EDF1DB198BC00E2CAA4 /* LaunchScreen.storyboard */,
				329B1EE21DB198BC00E2CAA4 /* Info.plist */,
			);
			path = MDBWeather;
			sourceTree = "<group>";
		};
		329B1EEA1DB198BC00E2CAA4 /* MDBWeatherTests */ = {
			isa = PBXGroup;
			children = (
				329B1EEB1DB198BC00E2CAA4 /* MDBWeatherTests.swift */,
				329B1EED1DB198BC00E2CAA4 /* Info.plist */,
			);
			path = MDBWeatherTests;
			sourceTree = "<group>";
		};
		329B1EF51DB198BC00E2CAA4 /* MDBWeatherUITests */ = {
			isa = PBXGroup;
			children = (
				329B1EF61DB198BC00E2CAA4 /* MDBWeatherUITests.swift */,
				329B1EF81DB198BC00E2CAA4 /* Info.plist */,
			);
			path = MDBWeatherUITests;
			sourceTree = "<group>";
		};
		69CDA09E5E9602A30A3DDAA8 /* Pods */ = {
			isa = PBXGroup;
			children = (
				176DFA022743ED4019E4B714 /* Pods-MDBWeather.debug.xcconfig */,
				8E9FCE2A65745AEA1232688D /* Pods-MDBWeather.release.xcconfig */,
				7F6505D47AAEAA2D9DB272D2 /* Pods-MDBWeatherTests.debug.xcconfig */,
				1EAAB90F260D63EE38FA395C /* Pods-MDBWeatherTests.release.xcconfig */,
				8412C41CB3AD130653B3315F /* Pods-MDBWeatherUITests.debug.xcconfig */,
				BC7FFB7E8C551302FBA85F9C /* Pods-MDBWeatherUITests.release.xcconfig */,
			);
			name = Pods;
			sourceTree = "<group>";
		};
		C5D6335EB3B1C8707A55F750 /* Frameworks */ = {
			isa = PBXGroup;
			children = (
				49DEF3A37DBAAACEC8EAA0AC /* Pods_MDBWeather.framework */,
				1885BEA2932BC964C898CF2E /* Pods_MDBWeatherTests.framework */,
				2120370D89DF087433C9804A /* Pods_MDBWeatherUITests.framework */,
			);
			name = Frameworks;
			sourceTree = "<group>";
		};
/* End PBXGroup section */

/* Begin PBXNativeTarget section */
		329B1ED21DB198BC00E2CAA4 /* MDBWeather */ = {
			isa = PBXNativeTarget;
			buildConfigurationList = 329B1EFB1DB198BC00E2CAA4 /* Build configuration list for PBXNativeTarget "MDBWeather" */;
			buildPhases = (
				1D05461AB0882397374473C8 /* [CP] Check Pods Manifest.lock */,
				329B1ECF1DB198BC00E2CAA4 /* Sources */,
				329B1ED01DB198BC00E2CAA4 /* Frameworks */,
				329B1ED11DB198BC00E2CAA4 /* Resources */,
				62EDCCBC9BC214A127D1043D /* [CP] Embed Pods Frameworks */,
				C6B32A1A4556A37117D40EEC /* [CP] Copy Pods Resources */,
			);
			buildRules = (
			);
			dependencies = (
			);
			name = MDBWeather;
			productName = MDBWeather;
			productReference = 329B1ED31DB198BC00E2CAA4 /* MDBWeather.app */;
			productType = "com.apple.product-type.application";
		};
		329B1EE61DB198BC00E2CAA4 /* MDBWeatherTests */ = {
			isa = PBXNativeTarget;
			buildConfigurationList = 329B1EFE1DB198BC00E2CAA4 /* Build configuration list for PBXNativeTarget "MDBWeatherTests" */;
			buildPhases = (
				5A1C633992BDA47760D17A7B /* [CP] Check Pods Manifest.lock */,
				329B1EE31DB198BC00E2CAA4 /* Sources */,
				329B1EE41DB198BC00E2CAA4 /* Frameworks */,
				329B1EE51DB198BC00E2CAA4 /* Resources */,
				5A9844A2E6FC71A70D2F273A /* [CP] Embed Pods Frameworks */,
				C3009B767A0551D1936BE0E1 /* [CP] Copy Pods Resources */,
			);
			buildRules = (
			);
			dependencies = (
				329B1EE91DB198BC00E2CAA4 /* PBXTargetDependency */,
			);
			name = MDBWeatherTests;
			productName = MDBWeatherTests;
			productReference = 329B1EE71DB198BC00E2CAA4 /* MDBWeatherTests.xctest */;
			productType = "com.apple.product-type.bundle.unit-test";
		};
		329B1EF11DB198BC00E2CAA4 /* MDBWeatherUITests */ = {
			isa = PBXNativeTarget;
			buildConfigurationList = 329B1F011DB198BC00E2CAA4 /* Build configuration list for PBXNativeTarget "MDBWeatherUITests" */;
			buildPhases = (
				4422AF5B0AD64913C69876C5 /* [CP] Check Pods Manifest.lock */,
				329B1EEE1DB198BC00E2CAA4 /* Sources */,
				329B1EEF1DB198BC00E2CAA4 /* Frameworks */,
				329B1EF01DB198BC00E2CAA4 /* Resources */,
				3E7CA5D869F88B914D1024F4 /* [CP] Embed Pods Frameworks */,
				19FD40A2539D9E00631D4E5E /* [CP] Copy Pods Resources */,
			);
			buildRules = (
			);
			dependencies = (
				329B1EF41DB198BC00E2CAA4 /* PBXTargetDependency */,
			);
			name = MDBWeatherUITests;
			productName = MDBWeatherUITests;
			productReference = 329B1EF21DB198BC00E2CAA4 /* MDBWeatherUITests.xctest */;
			productType = "com.apple.product-type.bundle.ui-testing";
		};
/* End PBXNativeTarget section */

/* Begin PBXProject section */
		329B1ECB1DB198BC00E2CAA4 /* Project object */ = {
			isa = PBXProject;
			attributes = {
				LastSwiftUpdateCheck = 0800;
				LastUpgradeCheck = 0800;
				ORGANIZATIONNAME = "Candice Ye";
				TargetAttributes = {
					329B1ED21DB198BC00E2CAA4 = {
						CreatedOnToolsVersion = 8.0;
						DevelopmentTeam = 98J9N2U3MZ;
						ProvisioningStyle = Automatic;
					};
					329B1EE61DB198BC00E2CAA4 = {
						CreatedOnToolsVersion = 8.0;
						DevelopmentTeam = 98J9N2U3MZ;
						ProvisioningStyle = Automatic;
						TestTargetID = 329B1ED21DB198BC00E2CAA4;
					};
					329B1EF11DB198BC00E2CAA4 = {
						CreatedOnToolsVersion = 8.0;
						DevelopmentTeam = 98J9N2U3MZ;
						ProvisioningStyle = Automatic;
						TestTargetID = 329B1ED21DB198BC00E2CAA4;
					};
				};
			};
			buildConfigurationList = 329B1ECE1DB198BC00E2CAA4 /* Build configuration list for PBXProject "MDBWeather" */;
			compatibilityVersion = "Xcode 3.2";
			developmentRegion = English;
			hasScannedForEncodings = 0;
			knownRegions = (
				en,
				Base,
			);
			mainGroup = 329B1ECA1DB198BC00E2CAA4;
			productRefGroup = 329B1ED41DB198BC00E2CAA4 /* Products */;
			projectDirPath = "";
			projectRoot = "";
			targets = (
				329B1ED21DB198BC00E2CAA4 /* MDBWeather */,
				329B1EE61DB198BC00E2CAA4 /* MDBWeatherTests */,
				329B1EF11DB198BC00E2CAA4 /* MDBWeatherUITests */,
			);
		};
/* End PBXProject section */

/* Begin PBXResourcesBuildPhase section */
		329B1ED11DB198BC00E2CAA4 /* Resources */ = {
			isa = PBXResourcesBuildPhase;
			buildActionMask = 2147483647;
			files = (
				329B1EE11DB198BC00E2CAA4 /* LaunchScreen.storyboard in Resources */,
				329B1EDE1DB198BC00E2CAA4 /* Assets.xcassets in Resources */,
				329B1EDC1DB198BC00E2CAA4 /* Main.storyboard in Resources */,
			);
			runOnlyForDeploymentPostprocessing = 0;
		};
		329B1EE51DB198BC00E2CAA4 /* Resources */ = {
			isa = PBXResourcesBuildPhase;
			buildActionMask = 2147483647;
			files = (
			);
			runOnlyForDeploymentPostprocessing = 0;
		};
		329B1EF01DB198BC00E2CAA4 /* Resources */ = {
			isa = PBXResourcesBuildPhase;
			buildActionMask = 2147483647;
			files = (
			);
			runOnlyForDeploymentPostprocessing = 0;
		};
/* End PBXResourcesBuildPhase section */

/* Begin PBXShellScriptBuildPhase section */
		19FD40A2539D9E00631D4E5E /* [CP] Copy Pods Resources */ = {
			isa = PBXShellScriptBuildPhase;
			buildActionMask = 2147483647;
			files = (
			);
			inputPaths = (
			);
			name = "[CP] Copy Pods Resources";
			outputPaths = (
			);
			runOnlyForDeploymentPostprocessing = 0;
			shellPath = /bin/sh;
			shellScript = "\"${SRCROOT}/Pods/Target Support Files/Pods-MDBWeatherUITests/Pods-MDBWeatherUITests-resources.sh\"\n";
			showEnvVarsInLog = 0;
		};
		1D05461AB0882397374473C8 /* [CP] Check Pods Manifest.lock */ = {
			isa = PBXShellScriptBuildPhase;
			buildActionMask = 2147483647;
			files = (
			);
			inputPaths = (
			);
			name = "[CP] Check Pods Manifest.lock";
			outputPaths = (
			);
			runOnlyForDeploymentPostprocessing = 0;
			shellPath = /bin/sh;
			shellScript = "diff \"${PODS_ROOT}/../Podfile.lock\" \"${PODS_ROOT}/Manifest.lock\" > /dev/null\nif [ $? != 0 ] ; then\n    # print error to STDERR\n    echo \"error: The sandbox is not in sync with the Podfile.lock. Run 'pod install' or update your CocoaPods installation.\" >&2\n    exit 1\nfi\n";
			showEnvVarsInLog = 0;
		};
		3E7CA5D869F88B914D1024F4 /* [CP] Embed Pods Frameworks */ = {
			isa = PBXShellScriptBuildPhase;
			buildActionMask = 2147483647;
			files = (
			);
			inputPaths = (
			);
			name = "[CP] Embed Pods Frameworks";
			outputPaths = (
			);
			runOnlyForDeploymentPostprocessing = 0;
			shellPath = /bin/sh;
			shellScript = "\"${SRCROOT}/Pods/Target Support Files/Pods-MDBWeatherUITests/Pods-MDBWeatherUITests-frameworks.sh\"\n";
			showEnvVarsInLog = 0;
		};
		4422AF5B0AD64913C69876C5 /* [CP] Check Pods Manifest.lock */ = {
			isa = PBXShellScriptBuildPhase;
			buildActionMask = 2147483647;
			files = (
			);
			inputPaths = (
			);
			name = "[CP] Check Pods Manifest.lock";
			outputPaths = (
			);
			runOnlyForDeploymentPostprocessing = 0;
			shellPath = /bin/sh;
			shellScript = "diff \"${PODS_ROOT}/../Podfile.lock\" \"${PODS_ROOT}/Manifest.lock\" > /dev/null\nif [ $? != 0 ] ; then\n    # print error to STDERR\n    echo \"error: The sandbox is not in sync with the Podfile.lock. Run 'pod install' or update your CocoaPods installation.\" >&2\n    exit 1\nfi\n";
			showEnvVarsInLog = 0;
		};
		5A1C633992BDA47760D17A7B /* [CP] Check Pods Manifest.lock */ = {
			isa = PBXShellScriptBuildPhase;
			buildActionMask = 2147483647;
			files = (
			);
			inputPaths = (
			);
			name = "[CP] Check Pods Manifest.lock";
			outputPaths = (
			);
			runOnlyForDeploymentPostprocessing = 0;
			shellPath = /bin/sh;
			shellScript = "diff \"${PODS_ROOT}/../Podfile.lock\" \"${PODS_ROOT}/Manifest.lock\" > /dev/null\nif [ $? != 0 ] ; then\n    # print error to STDERR\n    echo \"error: The sandbox is not in sync with the Podfile.lock. Run 'pod install' or update your CocoaPods installation.\" >&2\n    exit 1\nfi\n";
			showEnvVarsInLog = 0;
		};
		5A9844A2E6FC71A70D2F273A /* [CP] Embed Pods Frameworks */ = {
			isa = PBXShellScriptBuildPhase;
			buildActionMask = 2147483647;
			files = (
			);
			inputPaths = (
			);
			name = "[CP] Embed Pods Frameworks";
			outputPaths = (
			);
			runOnlyForDeploymentPostprocessing = 0;
			shellPath = /bin/sh;
			shellScript = "\"${SRCROOT}/Pods/Target Support Files/Pods-MDBWeatherTests/Pods-MDBWeatherTests-frameworks.sh\"\n";
			showEnvVarsInLog = 0;
		};
		62EDCCBC9BC214A127D1043D /* [CP] Embed Pods Frameworks */ = {
			isa = PBXShellScriptBuildPhase;
			buildActionMask = 2147483647;
			files = (
			);
			inputPaths = (
			);
			name = "[CP] Embed Pods Frameworks";
			outputPaths = (
			);
			runOnlyForDeploymentPostprocessing = 0;
			shellPath = /bin/sh;
			shellScript = "\"${SRCROOT}/Pods/Target Support Files/Pods-MDBWeather/Pods-MDBWeather-frameworks.sh\"\n";
			showEnvVarsInLog = 0;
		};
		C3009B767A0551D1936BE0E1 /* [CP] Copy Pods Resources */ = {
			isa = PBXShellScriptBuildPhase;
			buildActionMask = 2147483647;
			files = (
			);
			inputPaths = (
			);
			name = "[CP] Copy Pods Resources";
			outputPaths = (
			);
			runOnlyForDeploymentPostprocessing = 0;
			shellPath = /bin/sh;
			shellScript = "\"${SRCROOT}/Pods/Target Support Files/Pods-MDBWeatherTests/Pods-MDBWeatherTests-resources.sh\"\n";
			showEnvVarsInLog = 0;
		};
		C6B32A1A4556A37117D40EEC /* [CP] Copy Pods Resources */ = {
			isa = PBXShellScriptBuildPhase;
			buildActionMask = 2147483647;
			files = (
			);
			inputPaths = (
			);
			name = "[CP] Copy Pods Resources";
			outputPaths = (
			);
			runOnlyForDeploymentPostprocessing = 0;
			shellPath = /bin/sh;
			shellScript = "\"${SRCROOT}/Pods/Target Support Files/Pods-MDBWeather/Pods-MDBWeather-resources.sh\"\n";
			showEnvVarsInLog = 0;
		};
/* End PBXShellScriptBuildPhase section */

/* Begin PBXSourcesBuildPhase section */
		329B1ECF1DB198BC00E2CAA4 /* Sources */ = {
			isa = PBXSourcesBuildPhase;
			buildActionMask = 2147483647;
			files = (
				329B1ED91DB198BC00E2CAA4 /* CentralViewController.swift in Sources */,
				329B1ED71DB198BC00E2CAA4 /* AppDelegate.swift in Sources */,
			);
			runOnlyForDeploymentPostprocessing = 0;
		};
		329B1EE31DB198BC00E2CAA4 /* Sources */ = {
			isa = PBXSourcesBuildPhase;
			buildActionMask = 2147483647;
			files = (
				329B1EEC1DB198BC00E2CAA4 /* MDBWeatherTests.swift in Sources */,
			);
			runOnlyForDeploymentPostprocessing = 0;
		};
		329B1EEE1DB198BC00E2CAA4 /* Sources */ = {
			isa = PBXSourcesBuildPhase;
			buildActionMask = 2147483647;
			files = (
				329B1EF71DB198BC00E2CAA4 /* MDBWeatherUITests.swift in Sources */,
			);
			runOnlyForDeploymentPostprocessing = 0;
		};
/* End PBXSourcesBuildPhase section */

/* Begin PBXTargetDependency section */
		329B1EE91DB198BC00E2CAA4 /* PBXTargetDependency */ = {
			isa = PBXTargetDependency;
			target = 329B1ED21DB198BC00E2CAA4 /* MDBWeather */;
			targetProxy = 329B1EE81DB198BC00E2CAA4 /* PBXContainerItemProxy */;
		};
		329B1EF41DB198BC00E2CAA4 /* PBXTargetDependency */ = {
			isa = PBXTargetDependency;
			target = 329B1ED21DB198BC00E2CAA4 /* MDBWeather */;
			targetProxy = 329B1EF31DB198BC00E2CAA4 /* PBXContainerItemProxy */;
		};
/* End PBXTargetDependency section */

/* Begin PBXVariantGroup section */
		329B1EDA1DB198BC00E2CAA4 /* Main.storyboard */ = {
			isa = PBXVariantGroup;
			children = (
				329B1EDB1DB198BC00E2CAA4 /* Base */,
			);
			name = Main.storyboard;
			sourceTree = "<group>";
		};
		329B1EDF1DB198BC00E2CAA4 /* LaunchScreen.storyboard */ = {
			isa = PBXVariantGroup;
			children = (
				329B1EE01DB198BC00E2CAA4 /* Base */,
			);
			name = LaunchScreen.storyboard;
			sourceTree = "<group>";
		};
/* End PBXVariantGroup section */

/* Begin XCBuildConfiguration section */
		329B1EF91DB198BC00E2CAA4 /* Debug */ = {
			isa = XCBuildConfiguration;
			buildSettings = {
				ALWAYS_SEARCH_USER_PATHS = NO;
				CLANG_ANALYZER_NONNULL = YES;
				CLANG_CXX_LANGUAGE_STANDARD = "gnu++0x";
				CLANG_CXX_LIBRARY = "libc++";
				CLANG_ENABLE_MODULES = YES;
				CLANG_ENABLE_OBJC_ARC = YES;
				CLANG_WARN_BOOL_CONVERSION = YES;
				CLANG_WARN_CONSTANT_CONVERSION = YES;
				CLANG_WARN_DIRECT_OBJC_ISA_USAGE = YES_ERROR;
				CLANG_WARN_DOCUMENTATION_COMMENTS = YES;
				CLANG_WARN_EMPTY_BODY = YES;
				CLANG_WARN_ENUM_CONVERSION = YES;
				CLANG_WARN_INFINITE_RECURSION = YES;
				CLANG_WARN_INT_CONVERSION = YES;
				CLANG_WARN_OBJC_ROOT_CLASS = YES_ERROR;
				CLANG_WARN_SUSPICIOUS_MOVE = YES;
				CLANG_WARN_SUSPICIOUS_MOVES = YES;
				CLANG_WARN_UNREACHABLE_CODE = YES;
				CLANG_WARN__DUPLICATE_METHOD_MATCH = YES;
				"CODE_SIGN_IDENTITY[sdk=iphoneos*]" = "iPhone Developer";
				COPY_PHASE_STRIP = NO;
				DEBUG_INFORMATION_FORMAT = dwarf;
				ENABLE_STRICT_OBJC_MSGSEND = YES;
				ENABLE_TESTABILITY = YES;
				GCC_C_LANGUAGE_STANDARD = gnu99;
				GCC_DYNAMIC_NO_PIC = NO;
				GCC_NO_COMMON_BLOCKS = YES;
				GCC_OPTIMIZATION_LEVEL = 0;
				GCC_PREPROCESSOR_DEFINITIONS = (
					"DEBUG=1",
					"$(inherited)",
				);
				GCC_WARN_64_TO_32_BIT_CONVERSION = YES;
				GCC_WARN_ABOUT_RETURN_TYPE = YES_ERROR;
				GCC_WARN_UNDECLARED_SELECTOR = YES;
				GCC_WARN_UNINITIALIZED_AUTOS = YES_AGGRESSIVE;
				GCC_WARN_UNUSED_FUNCTION = YES;
				GCC_WARN_UNUSED_VARIABLE = YES;
				IPHONEOS_DEPLOYMENT_TARGET = 10.0;
				MTL_ENABLE_DEBUG_INFO = YES;
				ONLY_ACTIVE_ARCH = YES;
				SDKROOT = iphoneos;
				SWIFT_ACTIVE_COMPILATION_CONDITIONS = DEBUG;
				SWIFT_OPTIMIZATION_LEVEL = "-Onone";
				TARGETED_DEVICE_FAMILY = "1,2";
			};
			name = Debug;
		};
		329B1EFA1DB198BC00E2CAA4 /* Release */ = {
			isa = XCBuildConfiguration;
			buildSettings = {
				ALWAYS_SEARCH_USER_PATHS = NO;
				CLANG_ANALYZER_NONNULL = YES;
				CLANG_CXX_LANGUAGE_STANDARD = "gnu++0x";
				CLANG_CXX_LIBRARY = "libc++";
				CLANG_ENABLE_MODULES = YES;
				CLANG_ENABLE_OBJC_ARC = YES;
				CLANG_WARN_BOOL_CONVERSION = YES;
				CLANG_WARN_CONSTANT_CONVERSION = YES;
				CLANG_WARN_DIRECT_OBJC_ISA_USAGE = YES_ERROR;
				CLANG_WARN_DOCUMENTATION_COMMENTS = YES;
				CLANG_WARN_EMPTY_BODY = YES;
				CLANG_WARN_ENUM_CONVERSION = YES;
				CLANG_WARN_INFINITE_RECURSION = YES;
				CLANG_WARN_INT_CONVERSION = YES;
				CLANG_WARN_OBJC_ROOT_CLASS = YES_ERROR;
				CLANG_WARN_SUSPICIOUS_MOVE = YES;
				CLANG_WARN_SUSPICIOUS_MOVES = YES;
				CLANG_WARN_UNREACHABLE_CODE = YES;
				CLANG_WARN__DUPLICATE_METHOD_MATCH = YES;
				"CODE_SIGN_IDENTITY[sdk=iphoneos*]" = "iPhone Developer";
				COPY_PHASE_STRIP = NO;
				DEBUG_INFORMATION_FORMAT = "dwarf-with-dsym";
				ENABLE_NS_ASSERTIONS = NO;
				ENABLE_STRICT_OBJC_MSGSEND = YES;
				GCC_C_LANGUAGE_STANDARD = gnu99;
				GCC_NO_COMMON_BLOCKS = YES;
				GCC_WARN_64_TO_32_BIT_CONVERSION = YES;
				GCC_WARN_ABOUT_RETURN_TYPE = YES_ERROR;
				GCC_WARN_UNDECLARED_SELECTOR = YES;
				GCC_WARN_UNINITIALIZED_AUTOS = YES_AGGRESSIVE;
				GCC_WARN_UNUSED_FUNCTION = YES;
				GCC_WARN_UNUSED_VARIABLE = YES;
				IPHONEOS_DEPLOYMENT_TARGET = 10.0;
				MTL_ENABLE_DEBUG_INFO = NO;
				SDKROOT = iphoneos;
				SWIFT_OPTIMIZATION_LEVEL = "-Owholemodule";
				TARGETED_DEVICE_FAMILY = "1,2";
				VALIDATE_PRODUCT = YES;
			};
			name = Release;
		};
		329B1EFC1DB198BC00E2CAA4 /* Debug */ = {
			isa = XCBuildConfiguration;
			baseConfigurationReference = 176DFA022743ED4019E4B714 /* Pods-MDBWeather.debug.xcconfig */;
			buildSettings = {
				ALWAYS_EMBED_SWIFT_STANDARD_LIBRARIES = YES;
				ASSETCATALOG_COMPILER_APPICON_NAME = AppIcon;
				DEVELOPMENT_TEAM = 98J9N2U3MZ;
				INFOPLIST_FILE = MDBWeather/Info.plist;
				LD_RUNPATH_SEARCH_PATHS = "$(inherited) @executable_path/Frameworks";
				PRODUCT_BUNDLE_IDENTIFIER = MDB.MDBWeather;
				PRODUCT_NAME = "$(TARGET_NAME)";
				SWIFT_VERSION = 3.0;
			};
			name = Debug;
		};
		329B1EFD1DB198BC00E2CAA4 /* Release */ = {
			isa = XCBuildConfiguration;
			baseConfigurationReference = 8E9FCE2A65745AEA1232688D /* Pods-MDBWeather.release.xcconfig */;
			buildSettings = {
				ALWAYS_EMBED_SWIFT_STANDARD_LIBRARIES = YES;
				ASSETCATALOG_COMPILER_APPICON_NAME = AppIcon;
				DEVELOPMENT_TEAM = 98J9N2U3MZ;
				INFOPLIST_FILE = MDBWeather/Info.plist;
				LD_RUNPATH_SEARCH_PATHS = "$(inherited) @executable_path/Frameworks";
				PRODUCT_BUNDLE_IDENTIFIER = MDB.MDBWeather;
				PRODUCT_NAME = "$(TARGET_NAME)";
				SWIFT_VERSION = 3.0;
			};
			name = Release;
		};
		329B1EFF1DB198BC00E2CAA4 /* Debug */ = {
			isa = XCBuildConfiguration;
			baseConfigurationReference = 7F6505D47AAEAA2D9DB272D2 /* Pods-MDBWeatherTests.debug.xcconfig */;
			buildSettings = {
				ALWAYS_EMBED_SWIFT_STANDARD_LIBRARIES = YES;
				BUNDLE_LOADER = "$(TEST_HOST)";
				DEVELOPMENT_TEAM = 98J9N2U3MZ;
				INFOPLIST_FILE = MDBWeatherTests/Info.plist;
				LD_RUNPATH_SEARCH_PATHS = "$(inherited) @executable_path/Frameworks @loader_path/Frameworks";
				PRODUCT_BUNDLE_IDENTIFIER = MDB.MDBWeatherTests;
				PRODUCT_NAME = "$(TARGET_NAME)";
				SWIFT_VERSION = 3.0;
				TEST_HOST = "$(BUILT_PRODUCTS_DIR)/MDBWeather.app/MDBWeather";
			};
			name = Debug;
		};
		329B1F001DB198BC00E2CAA4 /* Release */ = {
			isa = XCBuildConfiguration;
			baseConfigurationReference = 1EAAB90F260D63EE38FA395C /* Pods-MDBWeatherTests.release.xcconfig */;
			buildSettings = {
				ALWAYS_EMBED_SWIFT_STANDARD_LIBRARIES = YES;
				BUNDLE_LOADER = "$(TEST_HOST)";
				DEVELOPMENT_TEAM = 98J9N2U3MZ;
				INFOPLIST_FILE = MDBWeatherTests/Info.plist;
				LD_RUNPATH_SEARCH_PATHS = "$(inherited) @executable_path/Frameworks @loader_path/Frameworks";
				PRODUCT_BUNDLE_IDENTIFIER = MDB.MDBWeatherTests;
				PRODUCT_NAME = "$(TARGET_NAME)";
				SWIFT_VERSION = 3.0;
				TEST_HOST = "$(BUILT_PRODUCTS_DIR)/MDBWeather.app/MDBWeather";
			};
			name = Release;
		};
		329B1F021DB198BC00E2CAA4 /* Debug */ = {
			isa = XCBuildConfiguration;
			baseConfigurationReference = 8412C41CB3AD130653B3315F /* Pods-MDBWeatherUITests.debug.xcconfig */;
			buildSettings = {
				ALWAYS_EMBED_SWIFT_STANDARD_LIBRARIES = YES;
				DEVELOPMENT_TEAM = 98J9N2U3MZ;
				INFOPLIST_FILE = MDBWeatherUITests/Info.plist;
				LD_RUNPATH_SEARCH_PATHS = "$(inherited) @executable_path/Frameworks @loader_path/Frameworks";
				PRODUCT_BUNDLE_IDENTIFIER = MDB.MDBWeatherUITests;
				PRODUCT_NAME = "$(TARGET_NAME)";
				SWIFT_VERSION = 3.0;
				TEST_TARGET_NAME = MDBWeather;
			};
			name = Debug;
		};
		329B1F031DB198BC00E2CAA4 /* Release */ = {
			isa = XCBuildConfiguration;
			baseConfigurationReference = BC7FFB7E8C551302FBA85F9C /* Pods-MDBWeatherUITests.release.xcconfig */;
			buildSettings = {
				ALWAYS_EMBED_SWIFT_STANDARD_LIBRARIES = YES;
				DEVELOPMENT_TEAM = 98J9N2U3MZ;
				INFOPLIST_FILE = MDBWeatherUITests/Info.plist;
				LD_RUNPATH_SEARCH_PATHS = "$(inherited) @executable_path/Frameworks @loader_path/Frameworks";
				PRODUCT_BUNDLE_IDENTIFIER = MDB.MDBWeatherUITests;
				PRODUCT_NAME = "$(TARGET_NAME)";
				SWIFT_VERSION = 3.0;
				TEST_TARGET_NAME = MDBWeather;
			};
			name = Release;
		};
/* End XCBuildConfiguration section */

/* Begin XCConfigurationList section */
		329B1ECE1DB198BC00E2CAA4 /* Build configuration list for PBXProject "MDBWeather" */ = {
			isa = XCConfigurationList;
			buildConfigurations = (
				329B1EF91DB198BC00E2CAA4 /* Debug */,
				329B1EFA1DB198BC00E2CAA4 /* Release */,
			);
			defaultConfigurationIsVisible = 0;
			defaultConfigurationName = Release;
		};
		329B1EFB1DB198BC00E2CAA4 /* Build configuration list for PBXNativeTarget "MDBWeather" */ = {
			isa = XCConfigurationList;
			buildConfigurations = (
				329B1EFC1DB198BC00E2CAA4 /* Debug */,
				329B1EFD1DB198BC00E2CAA4 /* Release */,
			);
			defaultConfigurationIsVisible = 0;
			defaultConfigurationName = Release;
		};
		329B1EFE1DB198BC00E2CAA4 /* Build configuration list for PBXNativeTarget "MDBWeatherTests" */ = {
			isa = XCConfigurationList;
			buildConfigurations = (
				329B1EFF1DB198BC00E2CAA4 /* Debug */,
				329B1F001DB198BC00E2CAA4 /* Release */,
			);
			defaultConfigurationIsVisible = 0;
			defaultConfigurationName = Release;
		};
		329B1F011DB198BC00E2CAA4 /* Build configuration list for PBXNativeTarget "MDBWeatherUITests" */ = {
			isa = XCConfigurationList;
			buildConfigurations = (
				329B1F021DB198BC00E2CAA4 /* Debug */,
				329B1F031DB198BC00E2CAA4 /* Release */,
			);
			defaultConfigurationIsVisible = 0;
			defaultConfigurationName = Release;
		};
/* End XCConfigurationList section */
	};
	rootObject = 329B1ECB1DB198BC00E2CAA4 /* Project object */;
}
